
Microsoft Visual Studio Solution File, Format Version 12.00
# Visual Studio Version 17
VisualStudioVersion = 17.10.34928.147
MinimumVisualStudioVersion = 10.0.40219.1
Project("{FAE04EC0-301F-11D3-BF4B-00C04F79EFBC}") = "Suma de dos numeros", "Suma de dos numeros\Suma de dos numeros.csproj", "{DA1AB511-995E-4E69-9881-263DB590D34D}"
EndProject
Global
	GlobalSection(SolutionConfigurationPlatforms) = preSolution
		Debug|Any CPU = Debug|Any CPU
		Release|Any CPU = Release|Any CPU
	EndGlobalSection
	GlobalSection(ProjectConfigurationPlatforms) = postSolution
		{DA1AB511-995E-4E69-9881-263DB590D34D}.Debug|Any CPU.ActiveCfg = Debug|Any CPU
		{DA1AB511-995E-4E69-9881-263DB590D34D}.Debug|Any CPU.Build.0 = Debug|Any CPU
		{DA1AB511-995E-4E69-9881-263DB590D34D}.Debug|Any CPU.Deploy.0 = Debug|Any CPU
		{DA1AB511-995E-4E69-9881-263DB590D34D}.Release|Any CPU.ActiveCfg = Release|Any CPU
		{DA1AB511-995E-4E69-9881-263DB590D34D}.Release|Any CPU.Build.0 = Release|Any CPU
		{DA1AB511-995E-4E69-9881-263DB590D34D}.Release|Any CPU.Deploy.0 = Release|Any CPU
	EndGlobalSection
	GlobalSection(SolutionProperties) = preSolution
		HideSolutionNode = FALSE
	EndGlobalSection
	GlobalSection(ExtensibilityGlobals) = postSolution
		SolutionGuid = {1EDC8F7E-9E74-4639-A094-605C7CBD319F}
	EndGlobalSection
EndGlobal
